
Microsoft Visual Studio Solution File, Format Version 11.00
# Visual Studio 2010
Project("{FAE04EC0-301F-11D3-BF4B-00C04F79EFBC}") = "CredentialsRetrieval", "CredentialsRetrieval\CredentialsRetrieval.csproj", "{2DF7BE40-7839-467E-8347-B2AF22BBEA1F}"
EndProject
Project("{FAE04EC0-301F-11D3-BF4B-00C04F79EFBC}") = "EnCryptDecrypt", "EnCryptDecrypt\EnCryptDecrypt.csproj", "{0F8F15C9-6F5B-4B44-B9F8-18E1AFF93730}"
EndProject
Global
	GlobalSection(SolutionConfigurationPlatforms) = preSolution
		Debug|Any CPU = Debug|Any CPU
		Release|Any CPU = Release|Any CPU
	EndGlobalSection
	GlobalSection(ProjectConfigurationPlatforms) = postSolution
		{2DF7BE40-7839-467E-8347-B2AF22BBEA1F}.Debug|Any CPU.ActiveCfg = Debug|Any CPU
		{2DF7BE40-7839-467E-8347-B2AF22BBEA1F}.Debug|Any CPU.Build.0 = Debug|Any CPU
		{2DF7BE40-7839-467E-8347-B2AF22BBEA1F}.Release|Any CPU.ActiveCfg = Release|Any CPU
		{2DF7BE40-7839-467E-8347-B2AF22BBEA1F}.Release|Any CPU.Build.0 = Release|Any CPU
		{0F8F15C9-6F5B-4B44-B9F8-18E1AFF93730}.Debug|Any CPU.ActiveCfg = Debug|Any CPU
		{0F8F15C9-6F5B-4B44-B9F8-18E1AFF93730}.Debug|Any CPU.Build.0 = Debug|Any CPU
		{0F8F15C9-6F5B-4B44-B9F8-18E1AFF93730}.Release|Any CPU.ActiveCfg = Release|Any CPU
		{0F8F15C9-6F5B-4B44-B9F8-18E1AFF93730}.Release|Any CPU.Build.0 = Release|Any CPU
	EndGlobalSection
	GlobalSection(SolutionProperties) = preSolution
		HideSolutionNode = FALSE
	EndGlobalSection
EndGlobal
